
Microsoft Visual Studio Solution File, Format Version 12.00
# Visual Studio 15
VisualStudioVersion = 15.0.27703.2042
MinimumVisualStudioVersion = 10.0.40219.1
Project("{FAE04EC0-301F-11D3-BF4B-00C04F79EFBC}") = "FinalProject", "ClassLibrary1\FinalProject.csproj", "{C8ACFA72-5BB4-47CD-8849-3A5429D4D2E6}"
EndProject
Project("{FAE04EC0-301F-11D3-BF4B-00C04F79EFBC}") = "UserAndManagerTest", "ClassTest\UserAndManagerTest.csproj", "{8616226B-7213-4023-A24C-1BC766580C1A}"
EndProject
Global
	GlobalSection(SolutionConfigurationPlatforms) = preSolution
		Debug|Any CPU = Debug|Any CPU
		Release|Any CPU = Release|Any CPU
	EndGlobalSection
	GlobalSection(ProjectConfigurationPlatforms) = postSolution
		{C8ACFA72-5BB4-47CD-8849-3A5429D4D2E6}.Debug|Any CPU.ActiveCfg = Debug|Any CPU
		{C8ACFA72-5BB4-47CD-8849-3A5429D4D2E6}.Debug|Any CPU.Build.0 = Debug|Any CPU
		{C8ACFA72-5BB4-47CD-8849-3A5429D4D2E6}.Release|Any CPU.ActiveCfg = Release|Any CPU
		{C8ACFA72-5BB4-47CD-8849-3A5429D4D2E6}.Release|Any CPU.Build.0 = Release|Any CPU
		{8616226B-7213-4023-A24C-1BC766580C1A}.Debug|Any CPU.ActiveCfg = Debug|Any CPU
		{8616226B-7213-4023-A24C-1BC766580C1A}.Debug|Any CPU.Build.0 = Debug|Any CPU
		{8616226B-7213-4023-A24C-1BC766580C1A}.Release|Any CPU.ActiveCfg = Release|Any CPU
		{8616226B-7213-4023-A24C-1BC766580C1A}.Release|Any CPU.Build.0 = Release|Any CPU
	EndGlobalSection
	GlobalSection(SolutionProperties) = preSolution
		HideSolutionNode = FALSE
	EndGlobalSection
	GlobalSection(ExtensibilityGlobals) = postSolution
		SolutionGuid = {629B22DA-CB9D-45A3-8B42-247FC0403AFE}
	EndGlobalSection
EndGlobal
