
Microsoft Visual Studio Solution File, Format Version 12.00
# Visual Studio 15
VisualStudioVersion = 15.0.27703.2042
MinimumVisualStudioVersion = 10.0.40219.1
Project("{FAE04EC0-301F-11D3-BF4B-00C04F79EFBC}") = "Program6Part2", "Task6\Program6Part2.csproj", "{227BC017-A286-47FC-834F-20762859B31A}"
EndProject
Project("{FAE04EC0-301F-11D3-BF4B-00C04F79EFBC}") = "Program6Part1", "Program6Part1\Program6Part1.csproj", "{EE0297C7-C7E2-4B91-99F0-E8296DE02F29}"
EndProject
Global
	GlobalSection(SolutionConfigurationPlatforms) = preSolution
		Debug|Any CPU = Debug|Any CPU
		Release|Any CPU = Release|Any CPU
	EndGlobalSection
	GlobalSection(ProjectConfigurationPlatforms) = postSolution
		{227BC017-A286-47FC-834F-20762859B31A}.Debug|Any CPU.ActiveCfg = Debug|Any CPU
		{227BC017-A286-47FC-834F-20762859B31A}.Debug|Any CPU.Build.0 = Debug|Any CPU
		{227BC017-A286-47FC-834F-20762859B31A}.Release|Any CPU.ActiveCfg = Release|Any CPU
		{227BC017-A286-47FC-834F-20762859B31A}.Release|Any CPU.Build.0 = Release|Any CPU
		{EE0297C7-C7E2-4B91-99F0-E8296DE02F29}.Debug|Any CPU.ActiveCfg = Debug|Any CPU
		{EE0297C7-C7E2-4B91-99F0-E8296DE02F29}.Debug|Any CPU.Build.0 = Debug|Any CPU
		{EE0297C7-C7E2-4B91-99F0-E8296DE02F29}.Release|Any CPU.ActiveCfg = Release|Any CPU
		{EE0297C7-C7E2-4B91-99F0-E8296DE02F29}.Release|Any CPU.Build.0 = Release|Any CPU
	EndGlobalSection
	GlobalSection(SolutionProperties) = preSolution
		HideSolutionNode = FALSE
	EndGlobalSection
	GlobalSection(ExtensibilityGlobals) = postSolution
		SolutionGuid = {56930683-056D-4192-8349-B34CDCEDB912}
	EndGlobalSection
EndGlobal
