
Microsoft Visual Studio Solution File, Format Version 12.00
# Visual Studio 15
VisualStudioVersion = 15.0.27703.2042
MinimumVisualStudioVersion = 10.0.40219.1
Project("{FAE04EC0-301F-11D3-BF4B-00C04F79EFBC}") = "Task 7 part 3", "Task 7 part 3\Task 7 part 3.csproj", "{79257C5A-3062-4DC5-B86C-D4F73BC6C69D}"
EndProject
Global
	GlobalSection(SolutionConfigurationPlatforms) = preSolution
		Debug|Any CPU = Debug|Any CPU
		Release|Any CPU = Release|Any CPU
	EndGlobalSection
	GlobalSection(ProjectConfigurationPlatforms) = postSolution
		{79257C5A-3062-4DC5-B86C-D4F73BC6C69D}.Debug|Any CPU.ActiveCfg = Debug|Any CPU
		{79257C5A-3062-4DC5-B86C-D4F73BC6C69D}.Debug|Any CPU.Build.0 = Debug|Any CPU
		{79257C5A-3062-4DC5-B86C-D4F73BC6C69D}.Release|Any CPU.ActiveCfg = Release|Any CPU
		{79257C5A-3062-4DC5-B86C-D4F73BC6C69D}.Release|Any CPU.Build.0 = Release|Any CPU
	EndGlobalSection
	GlobalSection(SolutionProperties) = preSolution
		HideSolutionNode = FALSE
	EndGlobalSection
	GlobalSection(ExtensibilityGlobals) = postSolution
		SolutionGuid = {BA4E42E2-75E0-4D82-BC46-4DE9527ADCBC}
	EndGlobalSection
EndGlobal
